
Microsoft Visual Studio Solution File, Format Version 11.00
# Visual Studio 2010
Project("{FAE04EC0-301F-11D3-BF4B-00C04F79EFBC}") = "plane", "Assembly-CSharp.csproj", "{B994EB51-A914-6195-555E-3F2913C39AE6}"
EndProject
Global
	GlobalSection(SolutionConfigurationPlatforms) = preSolution
		Debug|Any CPU = Debug|Any CPU
		Release|Any CPU = Release|Any CPU
	EndGlobalSection
	GlobalSection(ProjectConfigurationPlatforms) = postSolution
		{B994EB51-A914-6195-555E-3F2913C39AE6}.Debug|Any CPU.ActiveCfg = Debug|Any CPU
		{B994EB51-A914-6195-555E-3F2913C39AE6}.Debug|Any CPU.Build.0 = Debug|Any CPU
		{B994EB51-A914-6195-555E-3F2913C39AE6}.Release|Any CPU.ActiveCfg = Release|Any CPU
		{B994EB51-A914-6195-555E-3F2913C39AE6}.Release|Any CPU.Build.0 = Release|Any CPU
	EndGlobalSection
	GlobalSection(SolutionProperties) = preSolution
		HideSolutionNode = FALSE
	EndGlobalSection
	GlobalSection(MonoDevelopProperties) = preSolution
		StartupItem = Assembly-CSharp.csproj
	EndGlobalSection
EndGlobal
